// !$*UTF8*$!
{
	archiveVersion = 1;
	classes = {
	};
	objectVersion = 46;
	objects = {

/* Begin PBXBuildFile section */
		9830602A1F16B221004AEE35 /* AppDelegate.swift in Sources */ = {isa = PBXBuildFile; fileRef = 983060291F16B221004AEE35 /* AppDelegate.swift */; };
		9830602C1F16B221004AEE35 /* ViewController.swift in Sources */ = {isa = PBXBuildFile; fileRef = 9830602B1F16B221004AEE35 /* ViewController.swift */; };
		9830602F1F16B221004AEE35 /* Main.storyboard in Resources */ = {isa = PBXBuildFile; fileRef = 9830602D1F16B221004AEE35 /* Main.storyboard */; };
		983060311F16B221004AEE35 /* Assets.xcassets in Resources */ = {isa = PBXBuildFile; fileRef = 983060301F16B221004AEE35 /* Assets.xcassets */; };
		983060341F16B221004AEE35 /* LaunchScreen.storyboard in Resources */ = {isa = PBXBuildFile; fileRef = 983060321F16B221004AEE35 /* LaunchScreen.storyboard */; };
/* End PBXBuildFile section */

/* Begin PBXFileReference section */
		983060261F16B221004AEE35 /* TestSearchTextField.app */ = {isa = PBXFileReference; explicitFileType = wrapper.application; includeInIndex = 0; path = TestSearchTextField.app; sourceTree = BUILT_PRODUCTS_DIR; };
		983060291F16B221004AEE35 /* AppDelegate.swift */ = {isa = PBXFileReference; lastKnownFileType = sourcecode.swift; path = AppDelegate.swift; sourceTree = "<group>"; };
		9830602B1F16B221004AEE35 /* ViewController.swift */ = {isa = PBXFileReference; lastKnownFileType = sourcecode.swift; path = ViewController.swift; sourceTree = "<group>"; };
		9830602E1F16B221004AEE35 /* Base */ = {isa = PBXFileReference; lastKnownFileType = file.storyboard; name = Base; path = Base.lproj/Main.storyboard; sourceTree = "<group>"; };
		983060301F16B221004AEE35 /* Assets.xcassets */ = {isa = PBXFileReference; lastKnownFileType = folder.assetcatalog; path = Assets.xcassets; sourceTree = "<group>"; };
		983060331F16B221004AEE35 /* Base */ = {isa = PBXFileReference; lastKnownFileType = file.storyboard; name = Base; path = Base.lproj/LaunchScreen.storyboard; sourceTree = "<group>"; };
		983060351F16B221004AEE35 /* Info.plist */ = {isa = PBXFileReference; lastKnownFileType = text.plist.xml; path = Info.plist; sourceTree = "<group>"; };
/* End PBXFileReference section */

/* Begin PBXFrameworksBuildPhase section */
		983060231F16B221004AEE35 /* Frameworks */ = {
			isa = PBXFrameworksBuildPhase;
			buildActionMask = 2147483647;
			files = (
			);
			runOnlyForDeploymentPostprocessing = 0;
		};
/* End PBXFrameworksBuildPhase section */

/* Begin PBXGroup section */
		9830601D1F16B221004AEE35 = {
			isa = PBXGroup;
			children = (
				983060281F16B221004AEE35 /* TestSearchTextField */,
				983060271F16B221004AEE35 /* Products */,
			);
			sourceTree = "<group>";
		};
		983060271F16B221004AEE35 /* Products */ = {
			isa = PBXGroup;
			children = (
				983060261F16B221004AEE35 /* TestSearchTextField.app */,
			);
			name = Products;
			sourceTree = "<group>";
		};
		983060281F16B221004AEE35 /* TestSearchTextField */ = {
			isa = PBXGroup;
			children = (
				983060291F16B221004AEE35 /* AppDelegate.swift */,
				9830602B1F16B221004AEE35 /* ViewController.swift */,
				9830602D1F16B221004AEE35 /* Main.storyboard */,
				983060301F16B221004AEE35 /* Assets.xcassets */,
				983060321F16B221004AEE35 /* LaunchScreen.storyboard */,
				983060351F16B221004AEE35 /* Info.plist */,
			);
			path = TestSearchTextField;
			sourceTree = "<group>";
		};
/* End PBXGroup section */

/* Begin PBXNativeTarget section */
		983060251F16B221004AEE35 /* TestSearchTextField */ = {
			isa = PBXNativeTarget;
			buildConfigurationList = 983060381F16B221004AEE35 /* Build configuration list for PBXNativeTarget "TestSearchTextField" */;
			buildPhases = (
				983060221F16B221004AEE35 /* Sources */,
				983060231F16B221004AEE35 /* Frameworks */,
				983060241F16B221004AEE35 /* Resources */,
			);
			buildRules = (
			);
			dependencies = (
			);
			name = TestSearchTextField;
			productName = TestSearchTextField;
			productReference = 983060261F16B221004AEE35 /* TestSearchTextField.app */;
			productType = "com.apple.product-type.application";
		};
/* End PBXNativeTarget section */

/* Begin PBXProject section */
		9830601E1F16B221004AEE35 /* Project object */ = {
			isa = PBXProject;
			attributes = {
				LastSwiftUpdateCheck = 0830;
				LastUpgradeCheck = 0830;
				ORGANIZATIONNAME = "Jack Ngai";
				TargetAttributes = {
					983060251F16B221004AEE35 = {
						CreatedOnToolsVersion = 8.3.3;
						DevelopmentTeam = 56SGSJ5YCY;
						ProvisioningStyle = Automatic;
					};
				};
			};
			buildConfigurationList = 983060211F16B221004AEE35 /* Build configuration list for PBXProject "TestSearchTextField" */;
			compatibilityVersion = "Xcode 3.2";
			developmentRegion = English;
			hasScannedForEncodings = 0;
			knownRegions = (
				en,
				Base,
			);
			mainGroup = 9830601D1F16B221004AEE35;
			productRefGroup = 983060271F16B221004AEE35 /* Products */;
			projectDirPath = "";
			projectRoot = "";
			targets = (
				983060251F16B221004AEE35 /* TestSearchTextField */,
			);
		};
/* End PBXProject section */

/* Begin PBXResourcesBuildPhase section */
		983060241F16B221004AEE35 /* Resources */ = {
			isa = PBXResourcesBuildPhase;
			buildActionMask = 2147483647;
			files = (
				983060341F16B221004AEE35 /* LaunchScreen.storyboard in Resources */,
				983060311F16B221004AEE35 /* Assets.xcassets in Resources */,
				9830602F1F16B221004AEE35 /* Main.storyboard in Resources */,
			);
			runOnlyForDeploymentPostprocessing = 0;
		};
/* End PBXResourcesBuildPhase section */

/* Begin PBXSourcesBuildPhase section */
		983060221F16B221004AEE35 /* Sources */ = {
			isa = PBXSourcesBuildPhase;
			buildActionMask = 2147483647;
			files = (
				9830602C1F16B221004AEE35 /* ViewController.swift in Sources */,
				9830602A1F16B221004AEE35 /* AppDelegate.swift in Sources */,
			);
			runOnlyForDeploymentPostprocessing = 0;
		};
/* End PBXSourcesBuildPhase section */

/* Begin PBXVariantGroup section */
		9830602D1F16B221004AEE35 /* Main.storyboard */ = {
			isa = PBXVariantGroup;
			children = (
				9830602E1F16B221004AEE35 /* Base */,
			);
			name = Main.storyboard;
			sourceTree = "<group>";
		};
		983060321F16B221004AEE35 /* LaunchScreen.storyboard */ = {
			isa = PBXVariantGroup;
			children = (
				983060331F16B221004AEE35 /* Base */,
			);
			name = LaunchScreen.storyboard;
			sourceTree = "<group>";
		};
/* End PBXVariantGroup section */

/* Begin XCBuildConfiguration section */
		983060361F16B221004AEE35 /* Debug */ = {
			isa = XCBuildConfiguration;
			buildSettings = {
				ALWAYS_SEARCH_USER_PATHS = NO;
				CLANG_ANALYZER_NONNULL = YES;
				CLANG_ANALYZER_NUMBER_OBJECT_CONVERSION = YES_AGGRESSIVE;
				CLANG_CXX_LANGUAGE_STANDARD = "gnu++0x";
				CLANG_CXX_LIBRARY = "libc++";
				CLANG_ENABLE_MODULES = YES;
				CLANG_ENABLE_OBJC_ARC = YES;
				CLANG_WARN_BOOL_CONVERSION = YES;
				CLANG_WARN_CONSTANT_CONVERSION = YES;
				CLANG_WARN_DIRECT_OBJC_ISA_USAGE = YES_ERROR;
				CLANG_WARN_DOCUMENTATION_COMMENTS = YES;
				CLANG_WARN_EMPTY_BODY = YES;
				CLANG_WARN_ENUM_CONVERSION = YES;
				CLANG_WARN_INFINITE_RECURSION = YES;
				CLANG_WARN_INT_CONVERSION = YES;
				CLANG_WARN_OBJC_ROOT_CLASS = YES_ERROR;
				CLANG_WARN_SUSPICIOUS_MOVE = YES;
				CLANG_WARN_UNREACHABLE_CODE = YES;
				CLANG_WARN__DUPLICATE_METHOD_MATCH = YES;
				"CODE_SIGN_IDENTITY[sdk=iphoneos*]" = "iPhone Developer";
				COPY_PHASE_STRIP = NO;
				DEBUG_INFORMATION_FORMAT = dwarf;
				ENABLE_STRICT_OBJC_MSGSEND = YES;
				ENABLE_TESTABILITY = YES;
				GCC_C_LANGUAGE_STANDARD = gnu99;
				GCC_DYNAMIC_NO_PIC = NO;
				GCC_NO_COMMON_BLOCKS = YES;
				GCC_OPTIMIZATION_LEVEL = 0;
				GCC_PREPROCESSOR_DEFINITIONS = (
					"DEBUG=1",
					"$(inherited)",
				);
				GCC_WARN_64_TO_32_BIT_CONVERSION = YES;
				GCC_WARN_ABOUT_RETURN_TYPE = YES_ERROR;
				GCC_WARN_UNDECLARED_SELECTOR = YES;
				GCC_WARN_UNINITIALIZED_AUTOS = YES_AGGRESSIVE;
				GCC_WARN_UNUSED_FUNCTION = YES;
				GCC_WARN_UNUSED_VARIABLE = YES;
				IPHONEOS_DEPLOYMENT_TARGET = 10.3;
				MTL_ENABLE_DEBUG_INFO = YES;
				ONLY_ACTIVE_ARCH = YES;
				SDKROOT = iphoneos;
				SWIFT_ACTIVE_COMPILATION_CONDITIONS = DEBUG;
				SWIFT_OPTIMIZATION_LEVEL = "-Onone";
				TARGETED_DEVICE_FAMILY = "1,2";
			};
			name = Debug;
		};
		983060371F16B221004AEE35 /* Release */ = {
			isa = XCBuildConfiguration;
			buildSettings = {
				ALWAYS_SEARCH_USER_PATHS = NO;
				CLANG_ANALYZER_NONNULL = YES;
				CLANG_ANALYZER_NUMBER_OBJECT_CONVERSION = YES_AGGRESSIVE;
				CLANG_CXX_LANGUAGE_STANDARD = "gnu++0x";
				CLANG_CXX_LIBRARY = "libc++";
				CLANG_ENABLE_MODULES = YES;
				CLANG_ENABLE_OBJC_ARC = YES;
				CLANG_WARN_BOOL_CONVERSION = YES;
				CLANG_WARN_CONSTANT_CONVERSION = YES;
				CLANG_WARN_DIRECT_OBJC_ISA_USAGE = YES_ERROR;
				CLANG_WARN_DOCUMENTATION_COMMENTS = YES;
				CLANG_WARN_EMPTY_BODY = YES;
				CLANG_WARN_ENUM_CONVERSION = YES;
				CLANG_WARN_INFINITE_RECURSION = YES;
				CLANG_WARN_INT_CONVERSION = YES;
				CLANG_WARN_OBJC_ROOT_CLASS = YES_ERROR;
				CLANG_WARN_SUSPICIOUS_MOVE = YES;
				CLANG_WARN_UNREACHABLE_CODE = YES;
				CLANG_WARN__DUPLICATE_METHOD_MATCH = YES;
				"CODE_SIGN_IDENTITY[sdk=iphoneos*]" = "iPhone Developer";
				COPY_PHASE_STRIP = NO;
				DEBUG_INFORMATION_FORMAT = "dwarf-with-dsym";
				ENABLE_NS_ASSERTIONS = NO;
				ENABLE_STRICT_OBJC_MSGSEND = YES;
				GCC_C_LANGUAGE_STANDARD = gnu99;
				GCC_NO_COMMON_BLOCKS = YES;
				GCC_WARN_64_TO_32_BIT_CONVERSION = YES;
				GCC_WARN_ABOUT_RETURN_TYPE = YES_ERROR;
				GCC_WARN_UNDECLARED_SELECTOR = YES;
				GCC_WARN_UNINITIALIZED_AUTOS = YES_AGGRESSIVE;
				GCC_WARN_UNUSED_FUNCTION = YES;
				GCC_WARN_UNUSED_VARIABLE = YES;
				IPHONEOS_DEPLOYMENT_TARGET = 10.3;
				MTL_ENABLE_DEBUG_INFO = NO;
				SDKROOT = iphoneos;
				SWIFT_OPTIMIZATION_LEVEL = "-Owholemodule";
				TARGETED_DEVICE_FAMILY = "1,2";
				VALIDATE_PRODUCT = YES;
			};
			name = Release;
		};
		983060391F16B221004AEE35 /* Debug */ = {
			isa = XCBuildConfiguration;
			buildSettings = {
				ASSETCATALOG_COMPILER_APPICON_NAME = AppIcon;
				DEVELOPMENT_TEAM = 56SGSJ5YCY;
				INFOPLIST_FILE = TestSearchTextField/Info.plist;
				LD_RUNPATH_SEARCH_PATHS = "$(inherited) @executable_path/Frameworks";
				PRODUCT_BUNDLE_IDENTIFIER = com.jackngai.TestSearchTextField;
				PRODUCT_NAME = "$(TARGET_NAME)";
				SWIFT_VERSION = 3.0;
			};
			name = Debug;
		};
		9830603A1F16B221004AEE35 /* Release */ = {
			isa = XCBuildConfiguration;
			buildSettings = {
				ASSETCATALOG_COMPILER_APPICON_NAME = AppIcon;
				DEVELOPMENT_TEAM = 56SGSJ5YCY;
				INFOPLIST_FILE = TestSearchTextField/Info.plist;
				LD_RUNPATH_SEARCH_PATHS = "$(inherited) @executable_path/Frameworks";
				PRODUCT_BUNDLE_IDENTIFIER = com.jackngai.TestSearchTextField;
				PRODUCT_NAME = "$(TARGET_NAME)";
				SWIFT_VERSION = 3.0;
			};
			name = Release;
		};
/* End XCBuildConfiguration section */

/* Begin XCConfigurationList section */
		983060211F16B221004AEE35 /* Build configuration list for PBXProject "TestSearchTextField" */ = {
			isa = XCConfigurationList;
			buildConfigurations = (
				983060361F16B221004AEE35 /* Debug */,
				983060371F16B221004AEE35 /* Release */,
			);
			defaultConfigurationIsVisible = 0;
			defaultConfigurationName = Release;
		};
		983060381F16B221004AEE35 /* Build configuration list for PBXNativeTarget "TestSearchTextField" */ = {
			isa = XCConfigurationList;
			buildConfigurations = (
				983060391F16B221004AEE35 /* Debug */,
				9830603A1F16B221004AEE35 /* Release */,
			);
			defaultConfigurationIsVisible = 0;
		};
/* End XCConfigurationList section */
	};
	rootObject = 9830601E1F16B221004AEE35 /* Project object */;
}
